
Microsoft Visual Studio Solution File, Format Version 12.00
# Visual Studio Version 17
VisualStudioVersion = 17.14.36414.22 d17.14
MinimumVisualStudioVersion = 10.0.40219.1
Project("{FAE04EC0-301F-11D3-BF4B-00C04F79EFBC}") = "TestSoftwareDeveloper", "TestSoftwareDeveloper\TestSoftwareDeveloper.csproj", "{DA32511A-3238-4676-8AF2-2091AFD319B0}"
EndProject
Project("{FAE04EC0-301F-11D3-BF4B-00C04F79EFBC}") = "WpfCrudPersonaFactura", "WpfCrudPersonaFactura\WpfCrudPersonaFactura.csproj", "{90CF7E11-ADC1-40BB-887F-246AA52F3224}"
EndProject
Global
	GlobalSection(SolutionConfigurationPlatforms) = preSolution
		Debug|Any CPU = Debug|Any CPU
		Release|Any CPU = Release|Any CPU
	EndGlobalSection
	GlobalSection(ProjectConfigurationPlatforms) = postSolution
		{DA32511A-3238-4676-8AF2-2091AFD319B0}.Debug|Any CPU.ActiveCfg = Debug|Any CPU
		{DA32511A-3238-4676-8AF2-2091AFD319B0}.Debug|Any CPU.Build.0 = Debug|Any CPU
		{DA32511A-3238-4676-8AF2-2091AFD319B0}.Release|Any CPU.ActiveCfg = Release|Any CPU
		{DA32511A-3238-4676-8AF2-2091AFD319B0}.Release|Any CPU.Build.0 = Release|Any CPU
		{90CF7E11-ADC1-40BB-887F-246AA52F3224}.Debug|Any CPU.ActiveCfg = Debug|Any CPU
		{90CF7E11-ADC1-40BB-887F-246AA52F3224}.Debug|Any CPU.Build.0 = Debug|Any CPU
		{90CF7E11-ADC1-40BB-887F-246AA52F3224}.Release|Any CPU.ActiveCfg = Release|Any CPU
		{90CF7E11-ADC1-40BB-887F-246AA52F3224}.Release|Any CPU.Build.0 = Release|Any CPU
	EndGlobalSection
	GlobalSection(SolutionProperties) = preSolution
		HideSolutionNode = FALSE
	EndGlobalSection
	GlobalSection(ExtensibilityGlobals) = postSolution
		SolutionGuid = {6D1F3A3B-DC41-4ED4-9C34-FA107AF3C3B8}
	EndGlobalSection
EndGlobal
